
Microsoft Visual Studio Solution File, Format Version 12.00
# Visual Studio 15
VisualStudioVersion = 15.0.28307.271
MinimumVisualStudioVersion = 10.0.40219.1
Project("{FAE04EC0-301F-11D3-BF4B-00C04F79EFBC}") = "APIFramework", "APIFramework\APIFramework.csproj", "{D7276E43-369D-4F2C-8795-F878D5A7CD13}"
EndProject
Project("{FAE04EC0-301F-11D3-BF4B-00C04F79EFBC}") = "APITests", "APITests\APITests.csproj", "{5382F495-F3FC-443A-B7DA-93C7E3D37B11}"
EndProject
Global
	GlobalSection(SolutionConfigurationPlatforms) = preSolution
		CI|Any CPU = CI|Any CPU
		Debug|Any CPU = Debug|Any CPU
		QA|Any CPU = QA|Any CPU
		Release|Any CPU = Release|Any CPU
	EndGlobalSection
	GlobalSection(ProjectConfigurationPlatforms) = postSolution
		{D7276E43-369D-4F2C-8795-F878D5A7CD13}.CI|Any CPU.ActiveCfg = CI|Any CPU
		{D7276E43-369D-4F2C-8795-F878D5A7CD13}.CI|Any CPU.Build.0 = CI|Any CPU
		{D7276E43-369D-4F2C-8795-F878D5A7CD13}.Debug|Any CPU.ActiveCfg = Debug|Any CPU
		{D7276E43-369D-4F2C-8795-F878D5A7CD13}.Debug|Any CPU.Build.0 = Debug|Any CPU
		{D7276E43-369D-4F2C-8795-F878D5A7CD13}.QA|Any CPU.ActiveCfg = QA|Any CPU
		{D7276E43-369D-4F2C-8795-F878D5A7CD13}.QA|Any CPU.Build.0 = QA|Any CPU
		{D7276E43-369D-4F2C-8795-F878D5A7CD13}.Release|Any CPU.ActiveCfg = Release|Any CPU
		{D7276E43-369D-4F2C-8795-F878D5A7CD13}.Release|Any CPU.Build.0 = Release|Any CPU
		{5382F495-F3FC-443A-B7DA-93C7E3D37B11}.CI|Any CPU.ActiveCfg = CI|Any CPU
		{5382F495-F3FC-443A-B7DA-93C7E3D37B11}.CI|Any CPU.Build.0 = CI|Any CPU
		{5382F495-F3FC-443A-B7DA-93C7E3D37B11}.Debug|Any CPU.ActiveCfg = Debug|Any CPU
		{5382F495-F3FC-443A-B7DA-93C7E3D37B11}.Debug|Any CPU.Build.0 = Debug|Any CPU
		{5382F495-F3FC-443A-B7DA-93C7E3D37B11}.QA|Any CPU.ActiveCfg = QA|Any CPU
		{5382F495-F3FC-443A-B7DA-93C7E3D37B11}.QA|Any CPU.Build.0 = QA|Any CPU
		{5382F495-F3FC-443A-B7DA-93C7E3D37B11}.Release|Any CPU.ActiveCfg = Release|Any CPU
		{5382F495-F3FC-443A-B7DA-93C7E3D37B11}.Release|Any CPU.Build.0 = Release|Any CPU
	EndGlobalSection
	GlobalSection(SolutionProperties) = preSolution
		HideSolutionNode = FALSE
	EndGlobalSection
	GlobalSection(ExtensibilityGlobals) = postSolution
		SolutionGuid = {7F9759F7-08B8-4ADF-AB79-E96A43F9F10B}
	EndGlobalSection
EndGlobal
